
Microsoft Visual Studio Solution File, Format Version 12.00
# Visual Studio Version 17
VisualStudioVersion = 17.14.36310.24
MinimumVisualStudioVersion = 10.0.40219.1
Project("{FAE04EC0-301F-11D3-BF4B-00C04F79EFBC}") = "Web", "Web\Web.csproj", "{3DC2FB83-7724-40FF-9120-685399491D38}"
EndProject
Project("{FAE04EC0-301F-11D3-BF4B-00C04F79EFBC}") = "Core", "Core\Core.csproj", "{BD2912EA-68F8-4143-B521-D24A5E541FF7}"
EndProject
Project("{FAE04EC0-301F-11D3-BF4B-00C04F79EFBC}") = "Infrastructure", "Infrastructure\Infrastructure.csproj", "{7B3AB16C-E7F1-43EF-B2FD-8CD6A9FE78C3}"
EndProject
Project("{00D1A9C2-B5F0-4AF3-8072-F6C62B433612}") = "Database", "Database\Database.sqlproj", "{68DABD36-947B-46AC-8006-F5D03DB93E8B}"
EndProject
Global
	GlobalSection(SolutionConfigurationPlatforms) = preSolution
		Debug|Any CPU = Debug|Any CPU
		Release|Any CPU = Release|Any CPU
	EndGlobalSection
	GlobalSection(ProjectConfigurationPlatforms) = postSolution
		{3DC2FB83-7724-40FF-9120-685399491D38}.Debug|Any CPU.ActiveCfg = Debug|Any CPU
		{3DC2FB83-7724-40FF-9120-685399491D38}.Debug|Any CPU.Build.0 = Debug|Any CPU
		{3DC2FB83-7724-40FF-9120-685399491D38}.Release|Any CPU.ActiveCfg = Release|Any CPU
		{3DC2FB83-7724-40FF-9120-685399491D38}.Release|Any CPU.Build.0 = Release|Any CPU
		{BD2912EA-68F8-4143-B521-D24A5E541FF7}.Debug|Any CPU.ActiveCfg = Debug|Any CPU
		{BD2912EA-68F8-4143-B521-D24A5E541FF7}.Debug|Any CPU.Build.0 = Debug|Any CPU
		{BD2912EA-68F8-4143-B521-D24A5E541FF7}.Release|Any CPU.ActiveCfg = Release|Any CPU
		{BD2912EA-68F8-4143-B521-D24A5E541FF7}.Release|Any CPU.Build.0 = Release|Any CPU
		{7B3AB16C-E7F1-43EF-B2FD-8CD6A9FE78C3}.Debug|Any CPU.ActiveCfg = Debug|Any CPU
		{7B3AB16C-E7F1-43EF-B2FD-8CD6A9FE78C3}.Debug|Any CPU.Build.0 = Debug|Any CPU
		{7B3AB16C-E7F1-43EF-B2FD-8CD6A9FE78C3}.Release|Any CPU.ActiveCfg = Release|Any CPU
		{7B3AB16C-E7F1-43EF-B2FD-8CD6A9FE78C3}.Release|Any CPU.Build.0 = Release|Any CPU
		{68DABD36-947B-46AC-8006-F5D03DB93E8B}.Debug|Any CPU.ActiveCfg = Debug|Any CPU
		{68DABD36-947B-46AC-8006-F5D03DB93E8B}.Debug|Any CPU.Build.0 = Debug|Any CPU
		{68DABD36-947B-46AC-8006-F5D03DB93E8B}.Debug|Any CPU.Deploy.0 = Debug|Any CPU
		{68DABD36-947B-46AC-8006-F5D03DB93E8B}.Release|Any CPU.ActiveCfg = Release|Any CPU
		{68DABD36-947B-46AC-8006-F5D03DB93E8B}.Release|Any CPU.Build.0 = Release|Any CPU
		{68DABD36-947B-46AC-8006-F5D03DB93E8B}.Release|Any CPU.Deploy.0 = Release|Any CPU
	EndGlobalSection
	GlobalSection(SolutionProperties) = preSolution
		HideSolutionNode = FALSE
	EndGlobalSection
	GlobalSection(ExtensibilityGlobals) = postSolution
		SolutionGuid = {C8B6AE16-5B09-4DE4-AA62-D4F9CE7CE85A}
	EndGlobalSection
EndGlobal
